# This file is automatically @generated by Cargo.
# It is not intended for manual editing.
version = 3

[[package]]
name = "downcast"
version = "0.11.0"
source = "registry+https://github.com/rust-lang/crates.io-index"
checksum = "1435fa1053d8b2fbbe9be7e97eca7f33d37b28409959813daefc1446a14247f1"

[[package]]
name = "termspin"
version = "0.1.0"
dependencies = [
 "downcast",
]
